
Microsoft Visual Studio Solution File, Format Version 12.00
# Visual Studio 15
VisualStudioVersion = 15.0.28307.421
MinimumVisualStudioVersion = 10.0.40219.1
Project("{FAE04EC0-301F-11D3-BF4B-00C04F79EFBC}") = "LoginToSql.Test", "LoginToSql.Test\LoginToSql.Test.csproj", "{952F37A2-FC4B-4190-B4FC-CCC31B06D392}"
EndProject
Project("{FAE04EC0-301F-11D3-BF4B-00C04F79EFBC}") = "LoginToSql.DA", "LoginToSql.DA\LoginToSql.DA.csproj", "{5F8ED64F-852D-40D1-BA8E-941FD1F8A263}"
EndProject
Project("{FAE04EC0-301F-11D3-BF4B-00C04F79EFBC}") = "UnitTestProject1", "UnitTestProject1\UnitTestProject1.csproj", "{15559A37-923B-4296-8C61-A386531CE121}"
EndProject
Global
	GlobalSection(SolutionConfigurationPlatforms) = preSolution
		Debug|Any CPU = Debug|Any CPU
		Release|Any CPU = Release|Any CPU
	EndGlobalSection
	GlobalSection(ProjectConfigurationPlatforms) = postSolution
		{952F37A2-FC4B-4190-B4FC-CCC31B06D392}.Debug|Any CPU.ActiveCfg = Debug|Any CPU
		{952F37A2-FC4B-4190-B4FC-CCC31B06D392}.Debug|Any CPU.Build.0 = Debug|Any CPU
		{952F37A2-FC4B-4190-B4FC-CCC31B06D392}.Release|Any CPU.ActiveCfg = Release|Any CPU
		{952F37A2-FC4B-4190-B4FC-CCC31B06D392}.Release|Any CPU.Build.0 = Release|Any CPU
		{5F8ED64F-852D-40D1-BA8E-941FD1F8A263}.Debug|Any CPU.ActiveCfg = Debug|Any CPU
		{5F8ED64F-852D-40D1-BA8E-941FD1F8A263}.Debug|Any CPU.Build.0 = Debug|Any CPU
		{5F8ED64F-852D-40D1-BA8E-941FD1F8A263}.Release|Any CPU.ActiveCfg = Release|Any CPU
		{5F8ED64F-852D-40D1-BA8E-941FD1F8A263}.Release|Any CPU.Build.0 = Release|Any CPU
		{15559A37-923B-4296-8C61-A386531CE121}.Debug|Any CPU.ActiveCfg = Debug|Any CPU
		{15559A37-923B-4296-8C61-A386531CE121}.Debug|Any CPU.Build.0 = Debug|Any CPU
		{15559A37-923B-4296-8C61-A386531CE121}.Release|Any CPU.ActiveCfg = Release|Any CPU
		{15559A37-923B-4296-8C61-A386531CE121}.Release|Any CPU.Build.0 = Release|Any CPU
	EndGlobalSection
	GlobalSection(SolutionProperties) = preSolution
		HideSolutionNode = FALSE
	EndGlobalSection
	GlobalSection(ExtensibilityGlobals) = postSolution
		SolutionGuid = {1D0DFED2-F513-4A7F-8EFA-1BA4802AD099}
	EndGlobalSection
EndGlobal
